
Microsoft Visual Studio Solution File, Format Version 12.00
# Visual Studio Version 17
VisualStudioVersion = 17.6.33801.468
MinimumVisualStudioVersion = 10.0.40219.1
Project("{FAE04EC0-301F-11D3-BF4B-00C04F79EFBC}") = "InventoryMangment", "InventoryMangment.csproj", "{785E5D6C-7CAD-41B2-9799-7EC5FB9D6BCD}"
EndProject
Global
	GlobalSection(SolutionConfigurationPlatforms) = preSolution
		Debug|Any CPU = Debug|Any CPU
		Release|Any CPU = Release|Any CPU
	EndGlobalSection
	GlobalSection(ProjectConfigurationPlatforms) = postSolution
		{785E5D6C-7CAD-41B2-9799-7EC5FB9D6BCD}.Debug|Any CPU.ActiveCfg = Debug|Any CPU
		{785E5D6C-7CAD-41B2-9799-7EC5FB9D6BCD}.Debug|Any CPU.Build.0 = Debug|Any CPU
		{785E5D6C-7CAD-41B2-9799-7EC5FB9D6BCD}.Release|Any CPU.ActiveCfg = Release|Any CPU
		{785E5D6C-7CAD-41B2-9799-7EC5FB9D6BCD}.Release|Any CPU.Build.0 = Release|Any CPU
	EndGlobalSection
	GlobalSection(SolutionProperties) = preSolution
		HideSolutionNode = FALSE
	EndGlobalSection
	GlobalSection(ExtensibilityGlobals) = postSolution
		SolutionGuid = {40CEDF7B-F144-48A8-A8F5-FBCF42891FB6}
	EndGlobalSection
EndGlobal
