
Microsoft Visual Studio Solution File, Format Version 12.00
# Visual Studio Version 17
VisualStudioVersion = 17.6.33801.468
MinimumVisualStudioVersion = 10.0.40219.1
Project("{FAE04EC0-301F-11D3-BF4B-00C04F79EFBC}") = "CarGame", "CarGame\CarGame.csproj", "{B34A27B0-3DAC-49F6-BEB8-C2E105905B59}"
EndProject
Global
	GlobalSection(SolutionConfigurationPlatforms) = preSolution
		Debug|Any CPU = Debug|Any CPU
		Release|Any CPU = Release|Any CPU
	EndGlobalSection
	GlobalSection(ProjectConfigurationPlatforms) = postSolution
		{B34A27B0-3DAC-49F6-BEB8-C2E105905B59}.Debug|Any CPU.ActiveCfg = Debug|Any CPU
		{B34A27B0-3DAC-49F6-BEB8-C2E105905B59}.Debug|Any CPU.Build.0 = Debug|Any CPU
		{B34A27B0-3DAC-49F6-BEB8-C2E105905B59}.Release|Any CPU.ActiveCfg = Release|Any CPU
		{B34A27B0-3DAC-49F6-BEB8-C2E105905B59}.Release|Any CPU.Build.0 = Release|Any CPU
	EndGlobalSection
	GlobalSection(SolutionProperties) = preSolution
		HideSolutionNode = FALSE
	EndGlobalSection
	GlobalSection(ExtensibilityGlobals) = postSolution
		SolutionGuid = {AE0126B2-523A-4050-BE12-1248EFCFB040}
	EndGlobalSection
EndGlobal
