
Microsoft Visual Studio Solution File, Format Version 12.00
# Visual Studio Version 17
VisualStudioVersion = 17.6.33801.468
MinimumVisualStudioVersion = 10.0.40219.1
Project("{FAE04EC0-301F-11D3-BF4B-00C04F79EFBC}") = "Class7", "Class7\Class7.csproj", "{38B22CA6-A1BC-430E-AAEC-155E47535924}"
EndProject
Global
	GlobalSection(SolutionConfigurationPlatforms) = preSolution
		Debug|Any CPU = Debug|Any CPU
		Release|Any CPU = Release|Any CPU
	EndGlobalSection
	GlobalSection(ProjectConfigurationPlatforms) = postSolution
		{38B22CA6-A1BC-430E-AAEC-155E47535924}.Debug|Any CPU.ActiveCfg = Debug|Any CPU
		{38B22CA6-A1BC-430E-AAEC-155E47535924}.Debug|Any CPU.Build.0 = Debug|Any CPU
		{38B22CA6-A1BC-430E-AAEC-155E47535924}.Release|Any CPU.ActiveCfg = Release|Any CPU
		{38B22CA6-A1BC-430E-AAEC-155E47535924}.Release|Any CPU.Build.0 = Release|Any CPU
	EndGlobalSection
	GlobalSection(SolutionProperties) = preSolution
		HideSolutionNode = FALSE
	EndGlobalSection
	GlobalSection(ExtensibilityGlobals) = postSolution
		SolutionGuid = {F1DE5BF8-009C-434D-9406-1873852E87D3}
	EndGlobalSection
EndGlobal
