
Microsoft Visual Studio Solution File, Format Version 12.00
# Visual Studio Version 17
VisualStudioVersion = 17.6.33801.468
MinimumVisualStudioVersion = 10.0.40219.1
Project("{FAE04EC0-301F-11D3-BF4B-00C04F79EFBC}") = "Concurrency", "Concurrency.csproj", "{154124C9-B132-40E0-A61D-0512E1FEA5A0}"
EndProject
Global
	GlobalSection(SolutionConfigurationPlatforms) = preSolution
		Debug|Any CPU = Debug|Any CPU
		Release|Any CPU = Release|Any CPU
	EndGlobalSection
	GlobalSection(ProjectConfigurationPlatforms) = postSolution
		{154124C9-B132-40E0-A61D-0512E1FEA5A0}.Debug|Any CPU.ActiveCfg = Debug|Any CPU
		{154124C9-B132-40E0-A61D-0512E1FEA5A0}.Debug|Any CPU.Build.0 = Debug|Any CPU
		{154124C9-B132-40E0-A61D-0512E1FEA5A0}.Release|Any CPU.ActiveCfg = Release|Any CPU
		{154124C9-B132-40E0-A61D-0512E1FEA5A0}.Release|Any CPU.Build.0 = Release|Any CPU
	EndGlobalSection
	GlobalSection(SolutionProperties) = preSolution
		HideSolutionNode = FALSE
	EndGlobalSection
	GlobalSection(ExtensibilityGlobals) = postSolution
		SolutionGuid = {F62256B8-D468-49F6-8896-59897E267416}
	EndGlobalSection
EndGlobal
