
Microsoft Visual Studio Solution File, Format Version 12.00
# Visual Studio Version 17
VisualStudioVersion = 17.6.33801.468
MinimumVisualStudioVersion = 10.0.40219.1
Project("{FAE04EC0-301F-11D3-BF4B-00C04F79EFBC}") = "Virtual_Class", "Virtual_Class\Virtual_Class.csproj", "{0E2A8B40-FE97-4B38-95BD-42CD4F71DFC1}"
EndProject
Global
	GlobalSection(SolutionConfigurationPlatforms) = preSolution
		Debug|Any CPU = Debug|Any CPU
		Release|Any CPU = Release|Any CPU
	EndGlobalSection
	GlobalSection(ProjectConfigurationPlatforms) = postSolution
		{0E2A8B40-FE97-4B38-95BD-42CD4F71DFC1}.Debug|Any CPU.ActiveCfg = Debug|Any CPU
		{0E2A8B40-FE97-4B38-95BD-42CD4F71DFC1}.Debug|Any CPU.Build.0 = Debug|Any CPU
		{0E2A8B40-FE97-4B38-95BD-42CD4F71DFC1}.Release|Any CPU.ActiveCfg = Release|Any CPU
		{0E2A8B40-FE97-4B38-95BD-42CD4F71DFC1}.Release|Any CPU.Build.0 = Release|Any CPU
	EndGlobalSection
	GlobalSection(SolutionProperties) = preSolution
		HideSolutionNode = FALSE
	EndGlobalSection
	GlobalSection(ExtensibilityGlobals) = postSolution
		SolutionGuid = {83A4253F-D73C-4D3C-B6E9-34AF1960905D}
	EndGlobalSection
EndGlobal
