
Microsoft Visual Studio Solution File, Format Version 12.00
# Visual Studio Version 17
VisualStudioVersion = 17.6.33801.468
MinimumVisualStudioVersion = 10.0.40219.1
Project("{FAE04EC0-301F-11D3-BF4B-00C04F79EFBC}") = "working with sensitive data", "working with sensitive data\working with sensitive data.csproj", "{29356626-4914-4558-B113-4CBE755A506A}"
EndProject
Global
	GlobalSection(SolutionConfigurationPlatforms) = preSolution
		Debug|Any CPU = Debug|Any CPU
		Release|Any CPU = Release|Any CPU
	EndGlobalSection
	GlobalSection(ProjectConfigurationPlatforms) = postSolution
		{29356626-4914-4558-B113-4CBE755A506A}.Debug|Any CPU.ActiveCfg = Debug|Any CPU
		{29356626-4914-4558-B113-4CBE755A506A}.Debug|Any CPU.Build.0 = Debug|Any CPU
		{29356626-4914-4558-B113-4CBE755A506A}.Release|Any CPU.ActiveCfg = Release|Any CPU
		{29356626-4914-4558-B113-4CBE755A506A}.Release|Any CPU.Build.0 = Release|Any CPU
	EndGlobalSection
	GlobalSection(SolutionProperties) = preSolution
		HideSolutionNode = FALSE
	EndGlobalSection
	GlobalSection(ExtensibilityGlobals) = postSolution
		SolutionGuid = {0363BCD0-A347-4C83-94EE-7B1D35124E30}
	EndGlobalSection
EndGlobal
