
Microsoft Visual Studio Solution File, Format Version 12.00
# Visual Studio Version 17
VisualStudioVersion = 17.6.33801.468
MinimumVisualStudioVersion = 10.0.40219.1
Project("{FAE04EC0-301F-11D3-BF4B-00C04F79EFBC}") = "OOP2 Matrix Class", "OOP2 Matrix Class\OOP2 Matrix Class.csproj", "{3E525501-EC12-4D09-8E2D-F17D824B78FC}"
EndProject
Global
	GlobalSection(SolutionConfigurationPlatforms) = preSolution
		Debug|Any CPU = Debug|Any CPU
		Release|Any CPU = Release|Any CPU
	EndGlobalSection
	GlobalSection(ProjectConfigurationPlatforms) = postSolution
		{3E525501-EC12-4D09-8E2D-F17D824B78FC}.Debug|Any CPU.ActiveCfg = Debug|Any CPU
		{3E525501-EC12-4D09-8E2D-F17D824B78FC}.Debug|Any CPU.Build.0 = Debug|Any CPU
		{3E525501-EC12-4D09-8E2D-F17D824B78FC}.Release|Any CPU.ActiveCfg = Release|Any CPU
		{3E525501-EC12-4D09-8E2D-F17D824B78FC}.Release|Any CPU.Build.0 = Release|Any CPU
	EndGlobalSection
	GlobalSection(SolutionProperties) = preSolution
		HideSolutionNode = FALSE
	EndGlobalSection
	GlobalSection(ExtensibilityGlobals) = postSolution
		SolutionGuid = {77B5BF0B-6FF7-4154-B8BB-96902DF1A750}
	EndGlobalSection
EndGlobal
